
Microsoft Visual Studio Solution File, Format Version 12.00
# Visual Studio Version 17
VisualStudioVersion = 17.10.35004.147
MinimumVisualStudioVersion = 10.0.40219.1
Project("{FAE04EC0-301F-11D3-BF4B-00C04F79EFBC}") = "SerializerYamlConsoleApp", "SerializerYamlConsoleApp\SerializerYamlConsoleApp.csproj", "{272EAD5D-BC3B-42B7-A9BF-371EC92C8029}"
EndProject
Global
	GlobalSection(SolutionConfigurationPlatforms) = preSolution
		Debug|Any CPU = Debug|Any CPU
		Release|Any CPU = Release|Any CPU
	EndGlobalSection
	GlobalSection(ProjectConfigurationPlatforms) = postSolution
		{272EAD5D-BC3B-42B7-A9BF-371EC92C8029}.Debug|Any CPU.ActiveCfg = Debug|Any CPU
		{272EAD5D-BC3B-42B7-A9BF-371EC92C8029}.Debug|Any CPU.Build.0 = Debug|Any CPU
		{272EAD5D-BC3B-42B7-A9BF-371EC92C8029}.Release|Any CPU.ActiveCfg = Release|Any CPU
		{272EAD5D-BC3B-42B7-A9BF-371EC92C8029}.Release|Any CPU.Build.0 = Release|Any CPU
	EndGlobalSection
	GlobalSection(SolutionProperties) = preSolution
		HideSolutionNode = FALSE
	EndGlobalSection
	GlobalSection(ExtensibilityGlobals) = postSolution
		SolutionGuid = {17442273-39D7-4F90-9680-A7234F74B3C3}
	EndGlobalSection
EndGlobal
